<?xml version="1.0" encoding="UTF-8" standalone="yes" ?>
<CodeBlocks_project_file>
	<FileVersion major="1" minor="6" />
	<Project>
		<Option title="Bright-lite" />
		<Option pch_mode="2" />
		<Option compiler="gcc" />
		<Build>
			<Target title="Debug">
				<Option output="bin/Debug/Bright-lite" prefix_auto="1" extension_auto="1" />
				<Option object_output="obj/Debug/" />
				<Option type="1" />
				<Option compiler="gcc" />
				<Compiler>
					<Add option="-g" />
				</Compiler>
			</Target>
			<Target title="Release">
				<Option output="../tests2/Bright-lite" prefix_auto="1" extension_auto="1" />
				<Option object_output="../tests2" />
				<Option type="1" />
				<Option compiler="gcc" />
				<Option use_console_runner="0" />
				<Compiler>
					<Add option="-O2" />
					<Add directory="/home/robert/.local/include/cyclus" />
				</Compiler>
				<Linker>
					<Add option="-s" />
					<Add library="../../.local/lib/libcycluscore.so" />
					<Add directory="/home/robert/.local/include/cyclus" />
				</Linker>
			</Target>
		</Build>
		<Compiler>
			<Add option="-std=c++0x" />
			<Add option="-Wall" />
			<Add option="-fPIC" />
			<Add directory="/home/robert/.local/include" />
			<Add directory="../../../../usr/lib" />
		</Compiler>
		<Linker>
			<Add library="../../../../usr/lib64/libxml++-2.6.so" />
			<Add library="../../../../usr/lib64/libhdf5.so" />
			<Add library="../../../../usr/lib64/libCoinUtils.so" />
			<Add library="../../../../usr/lib64/libClp.so" />
			<Add library="../../../../usr/lib64/libCbc.so" />
			<Add library="../../../../usr/lib64/libboost_filesystem.so" />
			<Add library="/home/robert/.local/lib/libcycluscore.so" />
			<Add directory="/home/robert/Bright-lite/Bright-lite/" />
		</Linker>
		<Unit filename="blmod.cc">
			<Option target="Debug" />
		</Unit>
		<Unit filename="blmod.h">
			<Option target="Debug" />
		</Unit>
		<Unit filename="burnupcalc.cpp">
			<Option target="Release" />
		</Unit>
		<Unit filename="burnupcalc.h" />
		<Unit filename="nucname.cc" />
		<Unit filename="nucname.h">
			<Option target="Release" />
		</Unit>
		<Unit filename="origenBuilder.cpp" />
		<Unit filename="origenBuilder.h" />
		<Unit filename="parser.cpp">
			<Option target="Debug" />
		</Unit>
		<Unit filename="parser.h">
			<Option target="&lt;{~None~}&gt;" />
		</Unit>
		<Unit filename="pyne.cc">
			<Option target="Release" />
		</Unit>
		<Unit filename="pyne.h">
			<Option target="Release" />
		</Unit>
		<Unit filename="structures.cpp">
			<Option target="&lt;{~None~}&gt;" />
		</Unit>
		<Unit filename="structures.h">
			<Option target="Release" />
		</Unit>
		<Extensions>
			<code_completion />
			<envvars />
			<debugger />
			<lib_finder disable_auto="1" />
		</Extensions>
	</Project>
</CodeBlocks_project_file>
